// !$*UTF8*$!
{
	archiveVersion = 1;
	classes = {
	};
	objectVersion = 56;
	objects = {

/* Begin PBXBuildFile section */
		786130472CAC35CF0008F9B6 /* App877App.swift in Sources */ = {isa = PBXBuildFile; fileRef = 786130462CAC35CF0008F9B6 /* App877App.swift */; };
		786130492CAC35CF0008F9B6 /* ContentView.swift in Sources */ = {isa = PBXBuildFile; fileRef = 786130482CAC35CF0008F9B6 /* ContentView.swift */; };
		7861304B2CAC35D00008F9B6 /* Assets.xcassets in Resources */ = {isa = PBXBuildFile; fileRef = 7861304A2CAC35D00008F9B6 /* Assets.xcassets */; };
		7861304F2CAC35D00008F9B6 /* Preview Assets.xcassets in Resources */ = {isa = PBXBuildFile; fileRef = 7861304E2CAC35D00008F9B6 /* Preview Assets.xcassets */; };
		7861305F2CAC3F760008F9B6 /* Launch Screen.storyboard in Resources */ = {isa = PBXBuildFile; fileRef = 7861305E2CAC3F760008F9B6 /* Launch Screen.storyboard */; };
		786130622CAC3F800008F9B6 /* CoreModel.xcdatamodeld in Sources */ = {isa = PBXBuildFile; fileRef = 786130602CAC3F800008F9B6 /* CoreModel.xcdatamodeld */; };
		786130642CAC3F890008F9B6 /* LoadingView.swift in Sources */ = {isa = PBXBuildFile; fileRef = 786130632CAC3F890008F9B6 /* LoadingView.swift */; };
		786130662CAC3F900008F9B6 /* U1.swift in Sources */ = {isa = PBXBuildFile; fileRef = 786130652CAC3F900008F9B6 /* U1.swift */; };
		786130682CAC3F980008F9B6 /* Reviews.swift in Sources */ = {isa = PBXBuildFile; fileRef = 786130672CAC3F980008F9B6 /* Reviews.swift */; };
		7861306A2CAC3F9F0008F9B6 /* Not.swift in Sources */ = {isa = PBXBuildFile; fileRef = 786130692CAC3F9F0008F9B6 /* Not.swift */; };
		7861306E2CAC3FAD0008F9B6 /* R1.swift in Sources */ = {isa = PBXBuildFile; fileRef = 7861306D2CAC3FAD0008F9B6 /* R1.swift */; };
		786130702CAC3FB10008F9B6 /* R2.swift in Sources */ = {isa = PBXBuildFile; fileRef = 7861306F2CAC3FB10008F9B6 /* R2.swift */; };
		786130722CAC3FC10008F9B6 /* TabBar.swift in Sources */ = {isa = PBXBuildFile; fileRef = 786130712CAC3FC10008F9B6 /* TabBar.swift */; };
		786130742CAC3FC90008F9B6 /* CoreDataStack.swift in Sources */ = {isa = PBXBuildFile; fileRef = 786130732CAC3FC90008F9B6 /* CoreDataStack.swift */; };
		786130762CAC3FCE0008F9B6 /* Array.swift in Sources */ = {isa = PBXBuildFile; fileRef = 786130752CAC3FCE0008F9B6 /* Array.swift */; };
		786130782CAC3FD50008F9B6 /* DateConvert.swift in Sources */ = {isa = PBXBuildFile; fileRef = 786130772CAC3FD50008F9B6 /* DateConvert.swift */; };
		7861307E2CAC41260008F9B6 /* SettingsView.swift in Sources */ = {isa = PBXBuildFile; fileRef = 7861307D2CAC41260008F9B6 /* SettingsView.swift */; };
		786130802CAC412E0008F9B6 /* BadsView.swift in Sources */ = {isa = PBXBuildFile; fileRef = 7861307F2CAC412E0008F9B6 /* BadsView.swift */; };
		786130822CAC41350008F9B6 /* ArticlesView.swift in Sources */ = {isa = PBXBuildFile; fileRef = 786130812CAC41350008F9B6 /* ArticlesView.swift */; };
		786130842CAC413C0008F9B6 /* HomeView.swift in Sources */ = {isa = PBXBuildFile; fileRef = 786130832CAC413C0008F9B6 /* HomeView.swift */; };
		786130872CAC8C8E0008F9B6 /* ProfileView.swift in Sources */ = {isa = PBXBuildFile; fileRef = 786130862CAC8C8E0008F9B6 /* ProfileView.swift */; };
		786130892CAC8C9A0008F9B6 /* HomeViewModel.swift in Sources */ = {isa = PBXBuildFile; fileRef = 786130882CAC8C9A0008F9B6 /* HomeViewModel.swift */; };
		78DF9C872CB6E24B000D880C /* ArticlesViewModel.swift in Sources */ = {isa = PBXBuildFile; fileRef = 78DF9C862CB6E24B000D880C /* ArticlesViewModel.swift */; };
		78DF9C8A2CB6E4E0000D880C /* AddArticle.swift in Sources */ = {isa = PBXBuildFile; fileRef = 78DF9C892CB6E4E0000D880C /* AddArticle.swift */; };
		78DF9C8D2CB7CB31000D880C /* ArtDetail.swift in Sources */ = {isa = PBXBuildFile; fileRef = 78DF9C8C2CB7CB31000D880C /* ArtDetail.swift */; };
		78DF9C8F2CB7E477000D880C /* BadsViewModel.swift in Sources */ = {isa = PBXBuildFile; fileRef = 78DF9C8E2CB7E477000D880C /* BadsViewModel.swift */; };
		78DF9C922CB7E5E7000D880C /* AddNote.swift in Sources */ = {isa = PBXBuildFile; fileRef = 78DF9C912CB7E5E7000D880C /* AddNote.swift */; };
		78DF9C952CB7EE0D000D880C /* NoteDetail.swift in Sources */ = {isa = PBXBuildFile; fileRef = 78DF9C942CB7EE0D000D880C /* NoteDetail.swift */; };
		78DF9C982CB7F29B000D880C /* notes1.swift in Sources */ = {isa = PBXBuildFile; fileRef = 78DF9C972CB7F29B000D880C /* notes1.swift */; };
		78DF9C9B2CB7F2A8000D880C /* notes2.swift in Sources */ = {isa = PBXBuildFile; fileRef = 78DF9C9A2CB7F2A8000D880C /* notes2.swift */; };
/* End PBXBuildFile section */

/* Begin PBXFileReference section */
		786130432CAC35CF0008F9B6 /* App877.app */ = {isa = PBXFileReference; explicitFileType = wrapper.application; includeInIndex = 0; path = App877.app; sourceTree = BUILT_PRODUCTS_DIR; };
		786130462CAC35CF0008F9B6 /* App877App.swift */ = {isa = PBXFileReference; lastKnownFileType = sourcecode.swift; path = App877App.swift; sourceTree = "<group>"; };
		786130482CAC35CF0008F9B6 /* ContentView.swift */ = {isa = PBXFileReference; lastKnownFileType = sourcecode.swift; path = ContentView.swift; sourceTree = "<group>"; };
		7861304A2CAC35D00008F9B6 /* Assets.xcassets */ = {isa = PBXFileReference; lastKnownFileType = folder.assetcatalog; path = Assets.xcassets; sourceTree = "<group>"; };
		7861304C2CAC35D00008F9B6 /* App877.entitlements */ = {isa = PBXFileReference; lastKnownFileType = text.plist.entitlements; path = App877.entitlements; sourceTree = "<group>"; };
		7861304E2CAC35D00008F9B6 /* Preview Assets.xcassets */ = {isa = PBXFileReference; lastKnownFileType = folder.assetcatalog; path = "Preview Assets.xcassets"; sourceTree = "<group>"; };
		7861305E2CAC3F760008F9B6 /* Launch Screen.storyboard */ = {isa = PBXFileReference; lastKnownFileType = file.storyboard; path = "Launch Screen.storyboard"; sourceTree = "<group>"; };
		786130612CAC3F800008F9B6 /* CoreModel.xcdatamodel */ = {isa = PBXFileReference; lastKnownFileType = wrapper.xcdatamodel; path = CoreModel.xcdatamodel; sourceTree = "<group>"; };
		786130632CAC3F890008F9B6 /* LoadingView.swift */ = {isa = PBXFileReference; lastKnownFileType = sourcecode.swift; path = LoadingView.swift; sourceTree = "<group>"; };
		786130652CAC3F900008F9B6 /* U1.swift */ = {isa = PBXFileReference; lastKnownFileType = sourcecode.swift; path = U1.swift; sourceTree = "<group>"; };
		786130672CAC3F980008F9B6 /* Reviews.swift */ = {isa = PBXFileReference; lastKnownFileType = sourcecode.swift; path = Reviews.swift; sourceTree = "<group>"; };
		786130692CAC3F9F0008F9B6 /* Not.swift */ = {isa = PBXFileReference; lastKnownFileType = sourcecode.swift; path = Not.swift; sourceTree = "<group>"; };
		7861306D2CAC3FAD0008F9B6 /* R1.swift */ = {isa = PBXFileReference; lastKnownFileType = sourcecode.swift; path = R1.swift; sourceTree = "<group>"; };
		7861306F2CAC3FB10008F9B6 /* R2.swift */ = {isa = PBXFileReference; lastKnownFileType = sourcecode.swift; path = R2.swift; sourceTree = "<group>"; };
		786130712CAC3FC10008F9B6 /* TabBar.swift */ = {isa = PBXFileReference; lastKnownFileType = sourcecode.swift; path = TabBar.swift; sourceTree = "<group>"; };
		786130732CAC3FC90008F9B6 /* CoreDataStack.swift */ = {isa = PBXFileReference; lastKnownFileType = sourcecode.swift; path = CoreDataStack.swift; sourceTree = "<group>"; };
		786130752CAC3FCE0008F9B6 /* Array.swift */ = {isa = PBXFileReference; lastKnownFileType = sourcecode.swift; path = Array.swift; sourceTree = "<group>"; };
		786130772CAC3FD50008F9B6 /* DateConvert.swift */ = {isa = PBXFileReference; lastKnownFileType = sourcecode.swift; path = DateConvert.swift; sourceTree = "<group>"; };
		7861307D2CAC41260008F9B6 /* SettingsView.swift */ = {isa = PBXFileReference; lastKnownFileType = sourcecode.swift; path = SettingsView.swift; sourceTree = "<group>"; };
		7861307F2CAC412E0008F9B6 /* BadsView.swift */ = {isa = PBXFileReference; lastKnownFileType = sourcecode.swift; path = BadsView.swift; sourceTree = "<group>"; };
		786130812CAC41350008F9B6 /* ArticlesView.swift */ = {isa = PBXFileReference; lastKnownFileType = sourcecode.swift; path = ArticlesView.swift; sourceTree = "<group>"; };
		786130832CAC413C0008F9B6 /* HomeView.swift */ = {isa = PBXFileReference; lastKnownFileType = sourcecode.swift; path = HomeView.swift; sourceTree = "<group>"; };
		786130862CAC8C8E0008F9B6 /* ProfileView.swift */ = {isa = PBXFileReference; lastKnownFileType = sourcecode.swift; path = ProfileView.swift; sourceTree = "<group>"; };
		786130882CAC8C9A0008F9B6 /* HomeViewModel.swift */ = {isa = PBXFileReference; lastKnownFileType = sourcecode.swift; path = HomeViewModel.swift; sourceTree = "<group>"; };
		78DF9C862CB6E24B000D880C /* ArticlesViewModel.swift */ = {isa = PBXFileReference; lastKnownFileType = sourcecode.swift; path = ArticlesViewModel.swift; sourceTree = "<group>"; };
		78DF9C892CB6E4E0000D880C /* AddArticle.swift */ = {isa = PBXFileReference; lastKnownFileType = sourcecode.swift; path = AddArticle.swift; sourceTree = "<group>"; };
		78DF9C8C2CB7CB31000D880C /* ArtDetail.swift */ = {isa = PBXFileReference; lastKnownFileType = sourcecode.swift; path = ArtDetail.swift; sourceTree = "<group>"; };
		78DF9C8E2CB7E477000D880C /* BadsViewModel.swift */ = {isa = PBXFileReference; lastKnownFileType = sourcecode.swift; path = BadsViewModel.swift; sourceTree = "<group>"; };
		78DF9C912CB7E5E7000D880C /* AddNote.swift */ = {isa = PBXFileReference; lastKnownFileType = sourcecode.swift; path = AddNote.swift; sourceTree = "<group>"; };
		78DF9C942CB7EE0D000D880C /* NoteDetail.swift */ = {isa = PBXFileReference; lastKnownFileType = sourcecode.swift; path = NoteDetail.swift; sourceTree = "<group>"; };
		78DF9C972CB7F29B000D880C /* notes1.swift */ = {isa = PBXFileReference; lastKnownFileType = sourcecode.swift; path = notes1.swift; sourceTree = "<group>"; };
		78DF9C9A2CB7F2A8000D880C /* notes2.swift */ = {isa = PBXFileReference; lastKnownFileType = sourcecode.swift; path = notes2.swift; sourceTree = "<group>"; };
/* End PBXFileReference section */

/* Begin PBXFrameworksBuildPhase section */
		786130402CAC35CF0008F9B6 /* Frameworks */ = {
			isa = PBXFrameworksBuildPhase;
			buildActionMask = 2147483647;
			files = (
			);
			runOnlyForDeploymentPostprocessing = 0;
		};
/* End PBXFrameworksBuildPhase section */

/* Begin PBXGroup section */
		7861303A2CAC35CF0008F9B6 = {
			isa = PBXGroup;
			children = (
				786130452CAC35CF0008F9B6 /* App877 */,
				786130442CAC35CF0008F9B6 /* Products */,
			);
			sourceTree = "<group>";
		};
		786130442CAC35CF0008F9B6 /* Products */ = {
			isa = PBXGroup;
			children = (
				786130432CAC35CF0008F9B6 /* App877.app */,
			);
			name = Products;
			sourceTree = "<group>";
		};
		786130452CAC35CF0008F9B6 /* App877 */ = {
			isa = PBXGroup;
			children = (
				786130552CAC3E470008F9B6 /* All */,
				786130462CAC35CF0008F9B6 /* App877App.swift */,
				786130482CAC35CF0008F9B6 /* ContentView.swift */,
				7861304A2CAC35D00008F9B6 /* Assets.xcassets */,
				7861304C2CAC35D00008F9B6 /* App877.entitlements */,
				7861304D2CAC35D00008F9B6 /* Preview Content */,
			);
			path = App877;
			sourceTree = "<group>";
		};
		7861304D2CAC35D00008F9B6 /* Preview Content */ = {
			isa = PBXGroup;
			children = (
				7861304E2CAC35D00008F9B6 /* Preview Assets.xcassets */,
			);
			path = "Preview Content";
			sourceTree = "<group>";
		};
		786130552CAC3E470008F9B6 /* All */ = {
			isa = PBXGroup;
			children = (
				786130592CAC3E580008F9B6 /* Views */,
				786130582CAC3E540008F9B6 /* Extensions */,
				786130572CAC3E4F0008F9B6 /* TabBar */,
				786130562CAC3E4B0008F9B6 /* Start */,
			);
			path = All;
			sourceTree = "<group>";
		};
		786130562CAC3E4B0008F9B6 /* Start */ = {
			isa = PBXGroup;
			children = (
				7861305D2CAC3E6A0008F9B6 /* R */,
				7861305C2CAC3E670008F9B6 /* U */,
				7861305B2CAC3E620008F9B6 /* Loading */,
				7861305A2CAC3E5D0008F9B6 /* Launch */,
			);
			path = Start;
			sourceTree = "<group>";
		};
		786130572CAC3E4F0008F9B6 /* TabBar */ = {
			isa = PBXGroup;
			children = (
				786130712CAC3FC10008F9B6 /* TabBar.swift */,
			);
			path = TabBar;
			sourceTree = "<group>";
		};
		786130582CAC3E540008F9B6 /* Extensions */ = {
			isa = PBXGroup;
			children = (
				786130602CAC3F800008F9B6 /* CoreModel.xcdatamodeld */,
				786130732CAC3FC90008F9B6 /* CoreDataStack.swift */,
				786130752CAC3FCE0008F9B6 /* Array.swift */,
				786130772CAC3FD50008F9B6 /* DateConvert.swift */,
			);
			path = Extensions;
			sourceTree = "<group>";
		};
		786130592CAC3E580008F9B6 /* Views */ = {
			isa = PBXGroup;
			children = (
				7861307C2CAC40C70008F9B6 /* Settings */,
				7861307B2CAC40C20008F9B6 /* Bads */,
				7861307A2CAC40260008F9B6 /* Articles */,
				786130792CAC40200008F9B6 /* Home */,
			);
			path = Views;
			sourceTree = "<group>";
		};
		7861305A2CAC3E5D0008F9B6 /* Launch */ = {
			isa = PBXGroup;
			children = (
				7861305E2CAC3F760008F9B6 /* Launch Screen.storyboard */,
			);
			path = Launch;
			sourceTree = "<group>";
		};
		7861305B2CAC3E620008F9B6 /* Loading */ = {
			isa = PBXGroup;
			children = (
				786130632CAC3F890008F9B6 /* LoadingView.swift */,
			);
			path = Loading;
			sourceTree = "<group>";
		};
		7861305C2CAC3E670008F9B6 /* U */ = {
			isa = PBXGroup;
			children = (
				786130652CAC3F900008F9B6 /* U1.swift */,
				786130672CAC3F980008F9B6 /* Reviews.swift */,
				786130692CAC3F9F0008F9B6 /* Not.swift */,
			);
			path = U;
			sourceTree = "<group>";
		};
		7861305D2CAC3E6A0008F9B6 /* R */ = {
			isa = PBXGroup;
			children = (
				7861306D2CAC3FAD0008F9B6 /* R1.swift */,
				7861306F2CAC3FB10008F9B6 /* R2.swift */,
			);
			path = R;
			sourceTree = "<group>";
		};
		786130792CAC40200008F9B6 /* Home */ = {
			isa = PBXGroup;
			children = (
				786130852CAC8C840008F9B6 /* Profile */,
				786130832CAC413C0008F9B6 /* HomeView.swift */,
				786130882CAC8C9A0008F9B6 /* HomeViewModel.swift */,
			);
			path = Home;
			sourceTree = "<group>";
		};
		7861307A2CAC40260008F9B6 /* Articles */ = {
			isa = PBXGroup;
			children = (
				78DF9C8B2CB7CB27000D880C /* ArtDetail */,
				78DF9C882CB6E4D7000D880C /* AddArticle */,
				786130812CAC41350008F9B6 /* ArticlesView.swift */,
				78DF9C862CB6E24B000D880C /* ArticlesViewModel.swift */,
			);
			path = Articles;
			sourceTree = "<group>";
		};
		7861307B2CAC40C20008F9B6 /* Bads */ = {
			isa = PBXGroup;
			children = (
				78DF9C992CB7F2A0000D880C /* notes2 */,
				78DF9C962CB7F291000D880C /* notes1 */,
				78DF9C932CB7EE05000D880C /* NoteDetail */,
				78DF9C902CB7E5DF000D880C /* AddNote */,
				7861307F2CAC412E0008F9B6 /* BadsView.swift */,
				78DF9C8E2CB7E477000D880C /* BadsViewModel.swift */,
			);
			path = Bads;
			sourceTree = "<group>";
		};
		7861307C2CAC40C70008F9B6 /* Settings */ = {
			isa = PBXGroup;
			children = (
				7861307D2CAC41260008F9B6 /* SettingsView.swift */,
			);
			path = Settings;
			sourceTree = "<group>";
		};
		786130852CAC8C840008F9B6 /* Profile */ = {
			isa = PBXGroup;
			children = (
				786130862CAC8C8E0008F9B6 /* ProfileView.swift */,
			);
			path = Profile;
			sourceTree = "<group>";
		};
		78DF9C882CB6E4D7000D880C /* AddArticle */ = {
			isa = PBXGroup;
			children = (
				78DF9C892CB6E4E0000D880C /* AddArticle.swift */,
			);
			path = AddArticle;
			sourceTree = "<group>";
		};
		78DF9C8B2CB7CB27000D880C /* ArtDetail */ = {
			isa = PBXGroup;
			children = (
				78DF9C8C2CB7CB31000D880C /* ArtDetail.swift */,
			);
			path = ArtDetail;
			sourceTree = "<group>";
		};
		78DF9C902CB7E5DF000D880C /* AddNote */ = {
			isa = PBXGroup;
			children = (
				78DF9C912CB7E5E7000D880C /* AddNote.swift */,
			);
			path = AddNote;
			sourceTree = "<group>";
		};
		78DF9C932CB7EE05000D880C /* NoteDetail */ = {
			isa = PBXGroup;
			children = (
				78DF9C942CB7EE0D000D880C /* NoteDetail.swift */,
			);
			path = NoteDetail;
			sourceTree = "<group>";
		};
		78DF9C962CB7F291000D880C /* notes1 */ = {
			isa = PBXGroup;
			children = (
				78DF9C972CB7F29B000D880C /* notes1.swift */,
			);
			path = notes1;
			sourceTree = "<group>";
		};
		78DF9C992CB7F2A0000D880C /* notes2 */ = {
			isa = PBXGroup;
			children = (
				78DF9C9A2CB7F2A8000D880C /* notes2.swift */,
			);
			path = notes2;
			sourceTree = "<group>";
		};
/* End PBXGroup section */

/* Begin PBXNativeTarget section */
		786130422CAC35CF0008F9B6 /* App877 */ = {
			isa = PBXNativeTarget;
			buildConfigurationList = 786130522CAC35D00008F9B6 /* Build configuration list for PBXNativeTarget "App877" */;
			buildPhases = (
				7861303F2CAC35CF0008F9B6 /* Sources */,
				786130402CAC35CF0008F9B6 /* Frameworks */,
				786130412CAC35CF0008F9B6 /* Resources */,
			);
			buildRules = (
			);
			dependencies = (
			);
			name = App877;
			productName = App877;
			productReference = 786130432CAC35CF0008F9B6 /* App877.app */;
			productType = "com.apple.product-type.application";
		};
/* End PBXNativeTarget section */

/* Begin PBXProject section */
		7861303B2CAC35CF0008F9B6 /* Project object */ = {
			isa = PBXProject;
			attributes = {
				BuildIndependentTargetsInParallel = 1;
				LastSwiftUpdateCheck = 1540;
				LastUpgradeCheck = 1540;
				TargetAttributes = {
					786130422CAC35CF0008F9B6 = {
						CreatedOnToolsVersion = 15.4;
					};
				};
			};
			buildConfigurationList = 7861303E2CAC35CF0008F9B6 /* Build configuration list for PBXProject "App877" */;
			compatibilityVersion = "Xcode 14.0";
			developmentRegion = en;
			hasScannedForEncodings = 0;
			knownRegions = (
				en,
				Base,
			);
			mainGroup = 7861303A2CAC35CF0008F9B6;
			productRefGroup = 786130442CAC35CF0008F9B6 /* Products */;
			projectDirPath = "";
			projectRoot = "";
			targets = (
				786130422CAC35CF0008F9B6 /* App877 */,
			);
		};
/* End PBXProject section */

/* Begin PBXResourcesBuildPhase section */
		786130412CAC35CF0008F9B6 /* Resources */ = {
			isa = PBXResourcesBuildPhase;
			buildActionMask = 2147483647;
			files = (
				7861305F2CAC3F760008F9B6 /* Launch Screen.storyboard in Resources */,
				7861304F2CAC35D00008F9B6 /* Preview Assets.xcassets in Resources */,
				7861304B2CAC35D00008F9B6 /* Assets.xcassets in Resources */,
			);
			runOnlyForDeploymentPostprocessing = 0;
		};
/* End PBXResourcesBuildPhase section */

/* Begin PBXSourcesBuildPhase section */
		7861303F2CAC35CF0008F9B6 /* Sources */ = {
			isa = PBXSourcesBuildPhase;
			buildActionMask = 2147483647;
			files = (
				786130892CAC8C9A0008F9B6 /* HomeViewModel.swift in Sources */,
				78DF9C872CB6E24B000D880C /* ArticlesViewModel.swift in Sources */,
				786130492CAC35CF0008F9B6 /* ContentView.swift in Sources */,
				786130782CAC3FD50008F9B6 /* DateConvert.swift in Sources */,
				786130642CAC3F890008F9B6 /* LoadingView.swift in Sources */,
				786130702CAC3FB10008F9B6 /* R2.swift in Sources */,
				786130622CAC3F800008F9B6 /* CoreModel.xcdatamodeld in Sources */,
				78DF9C982CB7F29B000D880C /* notes1.swift in Sources */,
				78DF9C922CB7E5E7000D880C /* AddNote.swift in Sources */,
				78DF9C9B2CB7F2A8000D880C /* notes2.swift in Sources */,
				78DF9C8F2CB7E477000D880C /* BadsViewModel.swift in Sources */,
				78DF9C952CB7EE0D000D880C /* NoteDetail.swift in Sources */,
				786130842CAC413C0008F9B6 /* HomeView.swift in Sources */,
				786130682CAC3F980008F9B6 /* Reviews.swift in Sources */,
				786130802CAC412E0008F9B6 /* BadsView.swift in Sources */,
				78DF9C8D2CB7CB31000D880C /* ArtDetail.swift in Sources */,
				7861306A2CAC3F9F0008F9B6 /* Not.swift in Sources */,
				7861307E2CAC41260008F9B6 /* SettingsView.swift in Sources */,
				78DF9C8A2CB6E4E0000D880C /* AddArticle.swift in Sources */,
				786130872CAC8C8E0008F9B6 /* ProfileView.swift in Sources */,
				786130742CAC3FC90008F9B6 /* CoreDataStack.swift in Sources */,
				786130662CAC3F900008F9B6 /* U1.swift in Sources */,
				7861306E2CAC3FAD0008F9B6 /* R1.swift in Sources */,
				786130762CAC3FCE0008F9B6 /* Array.swift in Sources */,
				786130472CAC35CF0008F9B6 /* App877App.swift in Sources */,
				786130722CAC3FC10008F9B6 /* TabBar.swift in Sources */,
				786130822CAC41350008F9B6 /* ArticlesView.swift in Sources */,
			);
			runOnlyForDeploymentPostprocessing = 0;
		};
/* End PBXSourcesBuildPhase section */

/* Begin XCBuildConfiguration section */
		786130502CAC35D00008F9B6 /* Debug */ = {
			isa = XCBuildConfiguration;
			buildSettings = {
				ALWAYS_SEARCH_USER_PATHS = NO;
				ASSETCATALOG_COMPILER_GENERATE_SWIFT_ASSET_SYMBOL_EXTENSIONS = YES;
				CLANG_ANALYZER_NONNULL = YES;
				CLANG_ANALYZER_NUMBER_OBJECT_CONVERSION = YES_AGGRESSIVE;
				CLANG_CXX_LANGUAGE_STANDARD = "gnu++20";
				CLANG_ENABLE_MODULES = YES;
				CLANG_ENABLE_OBJC_ARC = YES;
				CLANG_ENABLE_OBJC_WEAK = YES;
				CLANG_WARN_BLOCK_CAPTURE_AUTORELEASING = YES;
				CLANG_WARN_BOOL_CONVERSION = YES;
				CLANG_WARN_COMMA = YES;
				CLANG_WARN_CONSTANT_CONVERSION = YES;
				CLANG_WARN_DEPRECATED_OBJC_IMPLEMENTATIONS = YES;
				CLANG_WARN_DIRECT_OBJC_ISA_USAGE = YES_ERROR;
				CLANG_WARN_DOCUMENTATION_COMMENTS = YES;
				CLANG_WARN_EMPTY_BODY = YES;
				CLANG_WARN_ENUM_CONVERSION = YES;
				CLANG_WARN_INFINITE_RECURSION = YES;
				CLANG_WARN_INT_CONVERSION = YES;
				CLANG_WARN_NON_LITERAL_NULL_CONVERSION = YES;
				CLANG_WARN_OBJC_IMPLICIT_RETAIN_SELF = YES;
				CLANG_WARN_OBJC_LITERAL_CONVERSION = YES;
				CLANG_WARN_OBJC_ROOT_CLASS = YES_ERROR;
				CLANG_WARN_QUOTED_INCLUDE_IN_FRAMEWORK_HEADER = YES;
				CLANG_WARN_RANGE_LOOP_ANALYSIS = YES;
				CLANG_WARN_STRICT_PROTOTYPES = YES;
				CLANG_WARN_SUSPICIOUS_MOVE = YES;
				CLANG_WARN_UNGUARDED_AVAILABILITY = YES_AGGRESSIVE;
				CLANG_WARN_UNREACHABLE_CODE = YES;
				CLANG_WARN__DUPLICATE_METHOD_MATCH = YES;
				COPY_PHASE_STRIP = NO;
				DEBUG_INFORMATION_FORMAT = dwarf;
				ENABLE_STRICT_OBJC_MSGSEND = YES;
				ENABLE_TESTABILITY = YES;
				ENABLE_USER_SCRIPT_SANDBOXING = YES;
				GCC_C_LANGUAGE_STANDARD = gnu17;
				GCC_DYNAMIC_NO_PIC = NO;
				GCC_NO_COMMON_BLOCKS = YES;
				GCC_OPTIMIZATION_LEVEL = 0;
				GCC_PREPROCESSOR_DEFINITIONS = (
					"DEBUG=1",
					"$(inherited)",
				);
				GCC_WARN_64_TO_32_BIT_CONVERSION = YES;
				GCC_WARN_ABOUT_RETURN_TYPE = YES_ERROR;
				GCC_WARN_UNDECLARED_SELECTOR = YES;
				GCC_WARN_UNINITIALIZED_AUTOS = YES_AGGRESSIVE;
				GCC_WARN_UNUSED_FUNCTION = YES;
				GCC_WARN_UNUSED_VARIABLE = YES;
				LOCALIZATION_PREFERS_STRING_CATALOGS = YES;
				MTL_ENABLE_DEBUG_INFO = INCLUDE_SOURCE;
				MTL_FAST_MATH = YES;
				ONLY_ACTIVE_ARCH = YES;
				SWIFT_ACTIVE_COMPILATION_CONDITIONS = "DEBUG $(inherited)";
				SWIFT_OPTIMIZATION_LEVEL = "-Onone";
			};
			name = Debug;
		};
		786130512CAC35D00008F9B6 /* Release */ = {
			isa = XCBuildConfiguration;
			buildSettings = {
				ALWAYS_SEARCH_USER_PATHS = NO;
				ASSETCATALOG_COMPILER_GENERATE_SWIFT_ASSET_SYMBOL_EXTENSIONS = YES;
				CLANG_ANALYZER_NONNULL = YES;
				CLANG_ANALYZER_NUMBER_OBJECT_CONVERSION = YES_AGGRESSIVE;
				CLANG_CXX_LANGUAGE_STANDARD = "gnu++20";
				CLANG_ENABLE_MODULES = YES;
				CLANG_ENABLE_OBJC_ARC = YES;
				CLANG_ENABLE_OBJC_WEAK = YES;
				CLANG_WARN_BLOCK_CAPTURE_AUTORELEASING = YES;
				CLANG_WARN_BOOL_CONVERSION = YES;
				CLANG_WARN_COMMA = YES;
				CLANG_WARN_CONSTANT_CONVERSION = YES;
				CLANG_WARN_DEPRECATED_OBJC_IMPLEMENTATIONS = YES;
				CLANG_WARN_DIRECT_OBJC_ISA_USAGE = YES_ERROR;
				CLANG_WARN_DOCUMENTATION_COMMENTS = YES;
				CLANG_WARN_EMPTY_BODY = YES;
				CLANG_WARN_ENUM_CONVERSION = YES;
				CLANG_WARN_INFINITE_RECURSION = YES;
				CLANG_WARN_INT_CONVERSION = YES;
				CLANG_WARN_NON_LITERAL_NULL_CONVERSION = YES;
				CLANG_WARN_OBJC_IMPLICIT_RETAIN_SELF = YES;
				CLANG_WARN_OBJC_LITERAL_CONVERSION = YES;
				CLANG_WARN_OBJC_ROOT_CLASS = YES_ERROR;
				CLANG_WARN_QUOTED_INCLUDE_IN_FRAMEWORK_HEADER = YES;
				CLANG_WARN_RANGE_LOOP_ANALYSIS = YES;
				CLANG_WARN_STRICT_PROTOTYPES = YES;
				CLANG_WARN_SUSPICIOUS_MOVE = YES;
				CLANG_WARN_UNGUARDED_AVAILABILITY = YES_AGGRESSIVE;
				CLANG_WARN_UNREACHABLE_CODE = YES;
				CLANG_WARN__DUPLICATE_METHOD_MATCH = YES;
				COPY_PHASE_STRIP = NO;
				DEBUG_INFORMATION_FORMAT = "dwarf-with-dsym";
				ENABLE_NS_ASSERTIONS = NO;
				ENABLE_STRICT_OBJC_MSGSEND = YES;
				ENABLE_USER_SCRIPT_SANDBOXING = YES;
				GCC_C_LANGUAGE_STANDARD = gnu17;
				GCC_NO_COMMON_BLOCKS = YES;
				GCC_WARN_64_TO_32_BIT_CONVERSION = YES;
				GCC_WARN_ABOUT_RETURN_TYPE = YES_ERROR;
				GCC_WARN_UNDECLARED_SELECTOR = YES;
				GCC_WARN_UNINITIALIZED_AUTOS = YES_AGGRESSIVE;
				GCC_WARN_UNUSED_FUNCTION = YES;
				GCC_WARN_UNUSED_VARIABLE = YES;
				LOCALIZATION_PREFERS_STRING_CATALOGS = YES;
				MTL_ENABLE_DEBUG_INFO = NO;
				MTL_FAST_MATH = YES;
				SWIFT_COMPILATION_MODE = wholemodule;
			};
			name = Release;
		};
		786130532CAC35D00008F9B6 /* Debug */ = {
			isa = XCBuildConfiguration;
			buildSettings = {
				ASSETCATALOG_COMPILER_APPICON_NAME = AppIcon;
				ASSETCATALOG_COMPILER_GLOBAL_ACCENT_COLOR_NAME = AccentColor;
				CODE_SIGN_ENTITLEMENTS = App877/App877.entitlements;
				CODE_SIGN_STYLE = Automatic;
				CURRENT_PROJECT_VERSION = 1;
				DEVELOPMENT_ASSET_PATHS = "\"App877/Preview Content\"";
				ENABLE_PREVIEWS = YES;
				GENERATE_INFOPLIST_FILE = YES;
				INFOPLIST_KEY_CFBundleDisplayName = "Vitamin Reminders";
				"INFOPLIST_KEY_UIApplicationSceneManifest_Generation[sdk=iphoneos*]" = YES;
				"INFOPLIST_KEY_UIApplicationSceneManifest_Generation[sdk=iphonesimulator*]" = YES;
				"INFOPLIST_KEY_UIApplicationSupportsIndirectInputEvents[sdk=iphoneos*]" = YES;
				"INFOPLIST_KEY_UIApplicationSupportsIndirectInputEvents[sdk=iphonesimulator*]" = YES;
				"INFOPLIST_KEY_UILaunchScreen_Generation[sdk=iphoneos*]" = YES;
				"INFOPLIST_KEY_UILaunchScreen_Generation[sdk=iphonesimulator*]" = YES;
				INFOPLIST_KEY_UILaunchStoryboardName = "Launch Screen.storyboard";
				"INFOPLIST_KEY_UIStatusBarStyle[sdk=iphoneos*]" = UIStatusBarStyleDefault;
				"INFOPLIST_KEY_UIStatusBarStyle[sdk=iphonesimulator*]" = UIStatusBarStyleDefault;
				INFOPLIST_KEY_UISupportedInterfaceOrientations = UIInterfaceOrientationPortrait;
				INFOPLIST_KEY_UISupportedInterfaceOrientations_iPad = "UIInterfaceOrientationLandscapeLeft UIInterfaceOrientationLandscapeRight UIInterfaceOrientationPortrait UIInterfaceOrientationPortraitUpsideDown";
				IPHONEOS_DEPLOYMENT_TARGET = 14.0;
				LD_RUNPATH_SEARCH_PATHS = "@executable_path/Frameworks";
				"LD_RUNPATH_SEARCH_PATHS[sdk=macosx*]" = "@executable_path/../Frameworks";
				MACOSX_DEPLOYMENT_TARGET = 14.1;
				MARKETING_VERSION = 1.0;
				PRODUCT_BUNDLE_IDENTIFIER = IOI.App877;
				PRODUCT_NAME = "$(TARGET_NAME)";
				SDKROOT = auto;
				SUPPORTED_PLATFORMS = "iphoneos iphonesimulator";
				SUPPORTS_MACCATALYST = NO;
				SWIFT_EMIT_LOC_STRINGS = YES;
				SWIFT_VERSION = 5.0;
				TARGETED_DEVICE_FAMILY = 1;
			};
			name = Debug;
		};
		786130542CAC35D00008F9B6 /* Release */ = {
			isa = XCBuildConfiguration;
			buildSettings = {
				ASSETCATALOG_COMPILER_APPICON_NAME = AppIcon;
				ASSETCATALOG_COMPILER_GLOBAL_ACCENT_COLOR_NAME = AccentColor;
				CODE_SIGN_ENTITLEMENTS = App877/App877.entitlements;
				CODE_SIGN_STYLE = Automatic;
				CURRENT_PROJECT_VERSION = 1;
				DEVELOPMENT_ASSET_PATHS = "\"App877/Preview Content\"";
				ENABLE_PREVIEWS = YES;
				GENERATE_INFOPLIST_FILE = YES;
				INFOPLIST_KEY_CFBundleDisplayName = "Vitamin Reminders";
				"INFOPLIST_KEY_UIApplicationSceneManifest_Generation[sdk=iphoneos*]" = YES;
				"INFOPLIST_KEY_UIApplicationSceneManifest_Generation[sdk=iphonesimulator*]" = YES;
				"INFOPLIST_KEY_UIApplicationSupportsIndirectInputEvents[sdk=iphoneos*]" = YES;
				"INFOPLIST_KEY_UIApplicationSupportsIndirectInputEvents[sdk=iphonesimulator*]" = YES;
				"INFOPLIST_KEY_UILaunchScreen_Generation[sdk=iphoneos*]" = YES;
				"INFOPLIST_KEY_UILaunchScreen_Generation[sdk=iphonesimulator*]" = YES;
				INFOPLIST_KEY_UILaunchStoryboardName = "Launch Screen.storyboard";
				"INFOPLIST_KEY_UIStatusBarStyle[sdk=iphoneos*]" = UIStatusBarStyleDefault;
				"INFOPLIST_KEY_UIStatusBarStyle[sdk=iphonesimulator*]" = UIStatusBarStyleDefault;
				INFOPLIST_KEY_UISupportedInterfaceOrientations = UIInterfaceOrientationPortrait;
				INFOPLIST_KEY_UISupportedInterfaceOrientations_iPad = "UIInterfaceOrientationLandscapeLeft UIInterfaceOrientationLandscapeRight UIInterfaceOrientationPortrait UIInterfaceOrientationPortraitUpsideDown";
				IPHONEOS_DEPLOYMENT_TARGET = 14.0;
				LD_RUNPATH_SEARCH_PATHS = "@executable_path/Frameworks";
				"LD_RUNPATH_SEARCH_PATHS[sdk=macosx*]" = "@executable_path/../Frameworks";
				MACOSX_DEPLOYMENT_TARGET = 14.1;
				MARKETING_VERSION = 1.0;
				PRODUCT_BUNDLE_IDENTIFIER = IOI.App877;
				PRODUCT_NAME = "$(TARGET_NAME)";
				SDKROOT = auto;
				SUPPORTED_PLATFORMS = "iphoneos iphonesimulator";
				SUPPORTS_MACCATALYST = NO;
				SWIFT_EMIT_LOC_STRINGS = YES;
				SWIFT_VERSION = 5.0;
				TARGETED_DEVICE_FAMILY = 1;
			};
			name = Release;
		};
/* End XCBuildConfiguration section */

/* Begin XCConfigurationList section */
		7861303E2CAC35CF0008F9B6 /* Build configuration list for PBXProject "App877" */ = {
			isa = XCConfigurationList;
			buildConfigurations = (
				786130502CAC35D00008F9B6 /* Debug */,
				786130512CAC35D00008F9B6 /* Release */,
			);
			defaultConfigurationIsVisible = 0;
			defaultConfigurationName = Release;
		};
		786130522CAC35D00008F9B6 /* Build configuration list for PBXNativeTarget "App877" */ = {
			isa = XCConfigurationList;
			buildConfigurations = (
				786130532CAC35D00008F9B6 /* Debug */,
				786130542CAC35D00008F9B6 /* Release */,
			);
			defaultConfigurationIsVisible = 0;
			defaultConfigurationName = Release;
		};
/* End XCConfigurationList section */

/* Begin XCVersionGroup section */
		786130602CAC3F800008F9B6 /* CoreModel.xcdatamodeld */ = {
			isa = XCVersionGroup;
			children = (
				786130612CAC3F800008F9B6 /* CoreModel.xcdatamodel */,
			);
			currentVersion = 786130612CAC3F800008F9B6 /* CoreModel.xcdatamodel */;
			name = CoreModel.xcdatamodeld;
			path = /Users/igor/Documents/Applications/App877/App877/All/Extensions/CoreModel.xcdatamodeld;
			sourceTree = "<group>";
			versionGroupType = wrapper.xcdatamodel;
		};
/* End XCVersionGroup section */
	};
	rootObject = 7861303B2CAC35CF0008F9B6 /* Project object */;
}
